{
  "name": "js",
  "version": "1.0.0",
  "lockfileVersion": 1,
  "requires": true,
  "dependencies": {
    "custom-google-map": {
      "version": "1.1.1",
      "resolved": "https://registry.npmjs.org/custom-google-map/-/custom-google-map-1.1.1.tgz",
      "integrity": "sha512-SFZ8CtXPIBvuJy99Xq6iAzqdup4Wvez9loHU1HeaEdgpytAlwzjMrY5D/45LX2PyU17/L+0nm8geIfJ6LRM7qg=="
    }
  }
}
