{
  "requires": true,
  "lockfileVersion": 1,
  "dependencies": {
    "custom-google-map": {
      "version": "1.2.5",
      "resolved": "https://registry.npmjs.org/custom-google-map/-/custom-google-map-1.2.5.tgz",
      "integrity": "sha512-9V3JM3Vw82zE724WW0ASYDPdKwMWWy3IF6MXulJTuDlXxDsnTyD7XgMMivjIgapBGMnxsoCkYzWSWgxTczIEgw=="
    }
  }
}
