{
  "name": "js",
  "version": "1.0.0",
  "lockfileVersion": 1,
  "requires": true,
  "dependencies": {
    "custom-google-map": {
      "version": "1.1.2",
      "resolved": "https://registry.npmjs.org/custom-google-map/-/custom-google-map-1.1.2.tgz",
      "integrity": "sha512-szk1aBdSNqA3k/tTgBY1/zw5+vE4j/83aVqPuDB0B6X5vSgslToMQOhCBuMZHvLz43+1/RnHXNGZBdKszYSgpA=="
    }
  }
}
