{
  "name": "maps",
  "version": "1.0.0",
  "lockfileVersion": 1,
  "requires": true,
  "dependencies": {
    "@ocdladefense/google-maps": {
      "version": "1.0.0",
      "resolved": "https://registry.npmjs.org/@ocdladefense/google-maps/-/google-maps-1.0.0.tgz",
      "integrity": "sha512-zNKp22D5moLzK65D5AG0ZpZMZJiJqwuEa2qWVwTc/MamfRiRg3TLjZ6z7hRpU5EmtAVxJ+U7CKkY0gpPzkb0fA=="
    },
    "@ocdladefense/view": {
      "version": "1.0.9",
      "resolved": "https://registry.npmjs.org/@ocdladefense/view/-/view-1.0.9.tgz",
      "integrity": "sha512-gWH3pvPdGyuhUdCilSMKCL9wMKhZE3aRTDgDFruZg0tfYGw3cNIyjDGfmqaeipMfJANFxtllkXlz+5idllENHQ=="
    }
  }
}
